
Microsoft Visual Studio Solution File, Format Version 12.00
# Visual Studio Version 16
VisualStudioVersion = 16.0.31129.286
MinimumVisualStudioVersion = 10.0.40219.1
Project("{2150E333-8FDC-42A3-9474-1A3956D46DE8}") = "Services", "Services", "{71D338D9-F5FA-4C7F-A973-56C84E0163B1}"
EndProject
Project("{2150E333-8FDC-42A3-9474-1A3956D46DE8}") = "Catalog", "Catalog", "{A8B54F17-593A-4D6C-A581-D1E7A5229162}"
EndProject
Project("{9A19103F-16F7-4668-BE54-9A1E7A4F7556}") = "Catalog.API", "Services\Catalog\Catalog.API\Catalog.API.csproj", "{4678C071-E7E1-4EEA-BF99-B0BCB1BA564B}"
EndProject
Project("{E53339B2-1760-4266-BCC7-CA923CBCF16C}") = "docker-compose", "docker-compose.dcproj", "{4A8B7DA5-4889-46C5-B038-D262E7D5F8CE}"
EndProject
Project("{2150E333-8FDC-42A3-9474-1A3956D46DE8}") = "Basket", "Basket", "{60B37EB4-8FE3-4F2A-92CA-4F33490FFF79}"
EndProject
Project("{FAE04EC0-301F-11D3-BF4B-00C04F79EFBC}") = "Basket.API", "Services\Basket\Basket.API\Basket.API.csproj", "{8F95E2EA-447C-4162-825F-5F319F561EE0}"
EndProject
Global
	GlobalSection(SolutionConfigurationPlatforms) = preSolution
		Debug|Any CPU = Debug|Any CPU
		Release|Any CPU = Release|Any CPU
	EndGlobalSection
	GlobalSection(ProjectConfigurationPlatforms) = postSolution
		{4678C071-E7E1-4EEA-BF99-B0BCB1BA564B}.Debug|Any CPU.ActiveCfg = Debug|Any CPU
		{4678C071-E7E1-4EEA-BF99-B0BCB1BA564B}.Debug|Any CPU.Build.0 = Debug|Any CPU
		{4678C071-E7E1-4EEA-BF99-B0BCB1BA564B}.Release|Any CPU.ActiveCfg = Release|Any CPU
		{4678C071-E7E1-4EEA-BF99-B0BCB1BA564B}.Release|Any CPU.Build.0 = Release|Any CPU
		{4A8B7DA5-4889-46C5-B038-D262E7D5F8CE}.Debug|Any CPU.ActiveCfg = Debug|Any CPU
		{4A8B7DA5-4889-46C5-B038-D262E7D5F8CE}.Debug|Any CPU.Build.0 = Debug|Any CPU
		{4A8B7DA5-4889-46C5-B038-D262E7D5F8CE}.Release|Any CPU.ActiveCfg = Release|Any CPU
		{4A8B7DA5-4889-46C5-B038-D262E7D5F8CE}.Release|Any CPU.Build.0 = Release|Any CPU
		{8F95E2EA-447C-4162-825F-5F319F561EE0}.Debug|Any CPU.ActiveCfg = Debug|Any CPU
		{8F95E2EA-447C-4162-825F-5F319F561EE0}.Debug|Any CPU.Build.0 = Debug|Any CPU
		{8F95E2EA-447C-4162-825F-5F319F561EE0}.Release|Any CPU.ActiveCfg = Release|Any CPU
		{8F95E2EA-447C-4162-825F-5F319F561EE0}.Release|Any CPU.Build.0 = Release|Any CPU
	EndGlobalSection
	GlobalSection(SolutionProperties) = preSolution
		HideSolutionNode = FALSE
	EndGlobalSection
	GlobalSection(NestedProjects) = preSolution
		{A8B54F17-593A-4D6C-A581-D1E7A5229162} = {71D338D9-F5FA-4C7F-A973-56C84E0163B1}
		{4678C071-E7E1-4EEA-BF99-B0BCB1BA564B} = {A8B54F17-593A-4D6C-A581-D1E7A5229162}
		{60B37EB4-8FE3-4F2A-92CA-4F33490FFF79} = {71D338D9-F5FA-4C7F-A973-56C84E0163B1}
		{8F95E2EA-447C-4162-825F-5F319F561EE0} = {60B37EB4-8FE3-4F2A-92CA-4F33490FFF79}
	EndGlobalSection
	GlobalSection(ExtensibilityGlobals) = postSolution
		SolutionGuid = {8BAB4AD2-870D-43A8-8282-728DCF468A56}
	EndGlobalSection
EndGlobal
